github.com/malinthaprasan/go-module-test/another-module-in-base v0.0.0-20260701042831-ccd9eb202da1 h1:BuBPfYqp2o31VFH5do1cDjVeeohgzNOs/kuEdS+SKBk=
github.com/malinthaprasan/go-module-test/another-module-in-base v0.0.0-20260701042831-ccd9eb202da1/go.mod h1:wt0xD8Lwe36AnBx5Cn86Sn/hDow1g59R59ebTQVWkYE=
